
Microsoft Visual Studio Solution File, Format Version 12.00
# Visual Studio Version 17
VisualStudioVersion = 17.0.31903.59
MinimumVisualStudioVersion = 10.0.40219.1
Project("{2150E333-8FDC-42A3-9474-1A3956D46DE8}") = "src", "src", "{827E0CD3-B72D-47B6-A68D-7590B98EB39B}"
EndProject
Project("{FAE04EC0-301F-11D3-BF4B-00C04F79EFBC}") = "VoiceBridge.Core", "src\VoiceBridge.Core\VoiceBridge.Core.csproj", "{875C9EC4-A6CB-480C-AC4E-2EE7276D6B2D}"
EndProject
Project("{FAE04EC0-301F-11D3-BF4B-00C04F79EFBC}") = "VoiceBridge.Storage", "src\VoiceBridge.Storage\VoiceBridge.Storage.csproj", "{E3B0FA58-A337-4B8A-A20D-68649E74A622}"
EndProject
Project("{FAE04EC0-301F-11D3-BF4B-00C04F79EFBC}") = "VoiceBridge.Export", "src\VoiceBridge.Export\VoiceBridge.Export.csproj", "{F2F6194C-6723-4E8C-B1DD-4132C1D192AD}"
EndProject
Project("{FAE04EC0-301F-11D3-BF4B-00C04F79EFBC}") = "VoiceBridge.Cli", "src\VoiceBridge.Cli\VoiceBridge.Cli.csproj", "{C2F4A0AC-8EC2-4618-8D3C-4348431183C3}"
EndProject
Project("{2150E333-8FDC-42A3-9474-1A3956D46DE8}") = "tests", "tests", "{0AB3BF05-4346-4AA6-1389-037BE0695223}"
EndProject
Project("{FAE04EC0-301F-11D3-BF4B-00C04F79EFBC}") = "VoiceBridge.Tests", "tests\VoiceBridge.Tests\VoiceBridge.Tests.csproj", "{DD1AC917-39E4-422E-8A70-69D8770F7D69}"
EndProject
Global
	GlobalSection(SolutionConfigurationPlatforms) = preSolution
		Debug|Any CPU = Debug|Any CPU
		Debug|x64 = Debug|x64
		Debug|x86 = Debug|x86
		Release|Any CPU = Release|Any CPU
		Release|x64 = Release|x64
		Release|x86 = Release|x86
	EndGlobalSection
	GlobalSection(ProjectConfigurationPlatforms) = postSolution
		{875C9EC4-A6CB-480C-AC4E-2EE7276D6B2D}.Debug|Any CPU.ActiveCfg = Debug|Any CPU
		{875C9EC4-A6CB-480C-AC4E-2EE7276D6B2D}.Debug|Any CPU.Build.0 = Debug|Any CPU
		{875C9EC4-A6CB-480C-AC4E-2EE7276D6B2D}.Debug|x64.ActiveCfg = Debug|Any CPU
		{875C9EC4-A6CB-480C-AC4E-2EE7276D6B2D}.Debug|x64.Build.0 = Debug|Any CPU
		{875C9EC4-A6CB-480C-AC4E-2EE7276D6B2D}.Debug|x86.ActiveCfg = Debug|Any CPU
		{875C9EC4-A6CB-480C-AC4E-2EE7276D6B2D}.Debug|x86.Build.0 = Debug|Any CPU
		{875C9EC4-A6CB-480C-AC4E-2EE7276D6B2D}.Release|Any CPU.ActiveCfg = Release|Any CPU
		{875C9EC4-A6CB-480C-AC4E-2EE7276D6B2D}.Release|Any CPU.Build.0 = Release|Any CPU
		{875C9EC4-A6CB-480C-AC4E-2EE7276D6B2D}.Release|x64.ActiveCfg = Release|Any CPU
		{875C9EC4-A6CB-480C-AC4E-2EE7276D6B2D}.Release|x64.Build.0 = Release|Any CPU
		{875C9EC4-A6CB-480C-AC4E-2EE7276D6B2D}.Release|x86.ActiveCfg = Release|Any CPU
		{875C9EC4-A6CB-480C-AC4E-2EE7276D6B2D}.Release|x86.Build.0 = Release|Any CPU
		{E3B0FA58-A337-4B8A-A20D-68649E74A622}.Debug|Any CPU.ActiveCfg = Debug|Any CPU
		{E3B0FA58-A337-4B8A-A20D-68649E74A622}.Debug|Any CPU.Build.0 = Debug|Any CPU
		{E3B0FA58-A337-4B8A-A20D-68649E74A622}.Debug|x64.ActiveCfg = Debug|Any CPU
		{E3B0FA58-A337-4B8A-A20D-68649E74A622}.Debug|x64.Build.0 = Debug|Any CPU
		{E3B0FA58-A337-4B8A-A20D-68649E74A622}.Debug|x86.ActiveCfg = Debug|Any CPU
		{E3B0FA58-A337-4B8A-A20D-68649E74A622}.Debug|x86.Build.0 = Debug|Any CPU
		{E3B0FA58-A337-4B8A-A20D-68649E74A622}.Release|Any CPU.ActiveCfg = Release|Any CPU
		{E3B0FA58-A337-4B8A-A20D-68649E74A622}.Release|Any CPU.Build.0 = Release|Any CPU
		{E3B0FA58-A337-4B8A-A20D-68649E74A622}.Release|x64.ActiveCfg = Release|Any CPU
		{E3B0FA58-A337-4B8A-A20D-68649E74A622}.Release|x64.Build.0 = Release|Any CPU
		{E3B0FA58-A337-4B8A-A20D-68649E74A622}.Release|x86.ActiveCfg = Release|Any CPU
		{E3B0FA58-A337-4B8A-A20D-68649E74A622}.Release|x86.Build.0 = Release|Any CPU
		{F2F6194C-6723-4E8C-B1DD-4132C1D192AD}.Debug|Any CPU.ActiveCfg = Debug|Any CPU
		{F2F6194C-6723-4E8C-B1DD-4132C1D192AD}.Debug|Any CPU.Build.0 = Debug|Any CPU
		{F2F6194C-6723-4E8C-B1DD-4132C1D192AD}.Debug|x64.ActiveCfg = Debug|Any CPU
		{F2F6194C-6723-4E8C-B1DD-4132C1D192AD}.Debug|x64.Build.0 = Debug|Any CPU
		{F2F6194C-6723-4E8C-B1DD-4132C1D192AD}.Debug|x86.ActiveCfg = Debug|Any CPU
		{F2F6194C-6723-4E8C-B1DD-4132C1D192AD}.Debug|x86.Build.0 = Debug|Any CPU
		{F2F6194C-6723-4E8C-B1DD-4132C1D192AD}.Release|Any CPU.ActiveCfg = Release|Any CPU
		{F2F6194C-6723-4E8C-B1DD-4132C1D192AD}.Release|Any CPU.Build.0 = Release|Any CPU
		{F2F6194C-6723-4E8C-B1DD-4132C1D192AD}.Release|x64.ActiveCfg = Release|Any CPU
		{F2F6194C-6723-4E8C-B1DD-4132C1D192AD}.Release|x64.Build.0 = Release|Any CPU
		{F2F6194C-6723-4E8C-B1DD-4132C1D192AD}.Release|x86.ActiveCfg = Release|Any CPU
		{F2F6194C-6723-4E8C-B1DD-4132C1D192AD}.Release|x86.Build.0 = Release|Any CPU
		{C2F4A0AC-8EC2-4618-8D3C-4348431183C3}.Debug|Any CPU.ActiveCfg = Debug|Any CPU
		{C2F4A0AC-8EC2-4618-8D3C-4348431183C3}.Debug|Any CPU.Build.0 = Debug|Any CPU
		{C2F4A0AC-8EC2-4618-8D3C-4348431183C3}.Debug|x64.ActiveCfg = Debug|Any CPU
		{C2F4A0AC-8EC2-4618-8D3C-4348431183C3}.Debug|x64.Build.0 = Debug|Any CPU
		{C2F4A0AC-8EC2-4618-8D3C-4348431183C3}.Debug|x86.ActiveCfg = Debug|Any CPU
		{C2F4A0AC-8EC2-4618-8D3C-4348431183C3}.Debug|x86.Build.0 = Debug|Any CPU
		{C2F4A0AC-8EC2-4618-8D3C-4348431183C3}.Release|Any CPU.ActiveCfg = Release|Any CPU
		{C2F4A0AC-8EC2-4618-8D3C-4348431183C3}.Release|Any CPU.Build.0 = Release|Any CPU
		{C2F4A0AC-8EC2-4618-8D3C-4348431183C3}.Release|x64.ActiveCfg = Release|Any CPU
		{C2F4A0AC-8EC2-4618-8D3C-4348431183C3}.Release|x64.Build.0 = Release|Any CPU
		{C2F4A0AC-8EC2-4618-8D3C-4348431183C3}.Release|x86.ActiveCfg = Release|Any CPU
		{C2F4A0AC-8EC2-4618-8D3C-4348431183C3}.Release|x86.Build.0 = Release|Any CPU
		{DD1AC917-39E4-422E-8A70-69D8770F7D69}.Debug|Any CPU.ActiveCfg = Debug|Any CPU
		{DD1AC917-39E4-422E-8A70-69D8770F7D69}.Debug|Any CPU.Build.0 = Debug|Any CPU
		{DD1AC917-39E4-422E-8A70-69D8770F7D69}.Debug|x64.ActiveCfg = Debug|Any CPU
		{DD1AC917-39E4-422E-8A70-69D8770F7D69}.Debug|x64.Build.0 = Debug|Any CPU
		{DD1AC917-39E4-422E-8A70-69D8770F7D69}.Debug|x86.ActiveCfg = Debug|Any CPU
		{DD1AC917-39E4-422E-8A70-69D8770F7D69}.Debug|x86.Build.0 = Debug|Any CPU
		{DD1AC917-39E4-422E-8A70-69D8770F7D69}.Release|Any CPU.ActiveCfg = Release|Any CPU
		{DD1AC917-39E4-422E-8A70-69D8770F7D69}.Release|Any CPU.Build.0 = Release|Any CPU
		{DD1AC917-39E4-422E-8A70-69D8770F7D69}.Release|x64.ActiveCfg = Release|Any CPU
		{DD1AC917-39E4-422E-8A70-69D8770F7D69}.Release|x64.Build.0 = Release|Any CPU
		{DD1AC917-39E4-422E-8A70-69D8770F7D69}.Release|x86.ActiveCfg = Release|Any CPU
		{DD1AC917-39E4-422E-8A70-69D8770F7D69}.Release|x86.Build.0 = Release|Any CPU
	EndGlobalSection
	GlobalSection(SolutionProperties) = preSolution
		HideSolutionNode = FALSE
	EndGlobalSection
	GlobalSection(NestedProjects) = preSolution
		{875C9EC4-A6CB-480C-AC4E-2EE7276D6B2D} = {827E0CD3-B72D-47B6-A68D-7590B98EB39B}
		{E3B0FA58-A337-4B8A-A20D-68649E74A622} = {827E0CD3-B72D-47B6-A68D-7590B98EB39B}
		{F2F6194C-6723-4E8C-B1DD-4132C1D192AD} = {827E0CD3-B72D-47B6-A68D-7590B98EB39B}
		{C2F4A0AC-8EC2-4618-8D3C-4348431183C3} = {827E0CD3-B72D-47B6-A68D-7590B98EB39B}
		{DD1AC917-39E4-422E-8A70-69D8770F7D69} = {0AB3BF05-4346-4AA6-1389-037BE0695223}
	EndGlobalSection
EndGlobal
